lockfileVersion: '9.0'

settings:
  autoInstallPeers: true
  excludeLinksFromLockfile: false

importers:

  .:
    devDependencies:
      typescript:
        specifier: 6.0.3
        version: 6.0.3

  packages/gallery:
    dependencies:
      '@sanchika/patterns':
        specifier: workspace:*
        version: link:../patterns
      '@sanchika/primitives':
        specifier: workspace:*
        version: link:../primitives
      '@sanchika/tokens':
        specifier: workspace:*
        version: link:../tokens

  packages/patterns:
    dependencies:
      '@sanchika/primitives':
        specifier: workspace:*
        version: link:../primitives

  packages/primitives:
    dependencies:
      '@sanchika/tokens':
        specifier: workspace:*
        version: link:../tokens

  packages/tokens: {}

packages:

  typescript@6.0.3:
    resolution: {integrity: sha512-y2TvuxSZPDyQakkFRPZHKFm+KKVqIisdg9/CZwm9ftvKXLP8NRWj38/ODjNbr43SsoXqNuAisEf1GdCxqWcdBw==}
    engines: {node: '>=14.17'}
    hasBin: true

snapshots:

  typescript@6.0.3: {}
